
Microsoft Visual Studio Solution File, Format Version 12.00
# Visual Studio Version 17
VisualStudioVersion = 17.3.32922.545
MinimumVisualStudioVersion = 10.0.40219.1
Project("{FAE04EC0-301F-11D3-BF4B-00C04F79EFBC}") = "TestWebArchi", "TestWebArchi\TestWebArchi.csproj", "{ADE8F306-BFEE-417E-ABAC-DB4711C69294}"
EndProject
Global
	GlobalSection(SolutionConfigurationPlatforms) = preSolution
		Debug|Any CPU = Debug|Any CPU
		Release|Any CPU = Release|Any CPU
	EndGlobalSection
	GlobalSection(ProjectConfigurationPlatforms) = postSolution
		{ADE8F306-BFEE-417E-ABAC-DB4711C69294}.Debug|Any CPU.ActiveCfg = Debug|Any CPU
		{ADE8F306-BFEE-417E-ABAC-DB4711C69294}.Debug|Any CPU.Build.0 = Debug|Any CPU
		{ADE8F306-BFEE-417E-ABAC-DB4711C69294}.Release|Any CPU.ActiveCfg = Release|Any CPU
		{ADE8F306-BFEE-417E-ABAC-DB4711C69294}.Release|Any CPU.Build.0 = Release|Any CPU
	EndGlobalSection
	GlobalSection(SolutionProperties) = preSolution
		HideSolutionNode = FALSE
	EndGlobalSection
	GlobalSection(ExtensibilityGlobals) = postSolution
		SolutionGuid = {297BA3D2-8CDE-4183-91D5-6741D9D73D7A}
	EndGlobalSection
EndGlobal
